
Microsoft Visual Studio Solution File, Format Version 12.00
# Visual Studio Version 17
VisualStudioVersion = 17.7.34024.191
MinimumVisualStudioVersion = 10.0.40219.1
Project("{FAE04EC0-301F-11D3-BF4B-00C04F79EFBC}") = "Task_2", "Task_2\Task_2.csproj", "{F940A0D5-2903-4B9B-B1B6-E0E366EE33C8}"
EndProject
Project("{FAE04EC0-301F-11D3-BF4B-00C04F79EFBC}") = "Task_1", "Task_1\Task_1.csproj", "{19DACBAD-902B-4A7E-A50F-03ADA484D67F}"
EndProject
Project("{FAE04EC0-301F-11D3-BF4B-00C04F79EFBC}") = "Task_3", "Task_3\Task_3.csproj", "{41FDBD40-DAC1-4254-B6DF-7B0AD4F983D1}"
EndProject
Project("{FAE04EC0-301F-11D3-BF4B-00C04F79EFBC}") = "Task_4", "Task_4\Task_4.csproj", "{B7264FA1-0C5F-4EFF-99FE-ED27893873B0}"
EndProject
Global
	GlobalSection(SolutionConfigurationPlatforms) = preSolution
		Debug|Any CPU = Debug|Any CPU
		Release|Any CPU = Release|Any CPU
	EndGlobalSection
	GlobalSection(ProjectConfigurationPlatforms) = postSolution
		{F940A0D5-2903-4B9B-B1B6-E0E366EE33C8}.Debug|Any CPU.ActiveCfg = Debug|Any CPU
		{F940A0D5-2903-4B9B-B1B6-E0E366EE33C8}.Debug|Any CPU.Build.0 = Debug|Any CPU
		{F940A0D5-2903-4B9B-B1B6-E0E366EE33C8}.Release|Any CPU.ActiveCfg = Release|Any CPU
		{F940A0D5-2903-4B9B-B1B6-E0E366EE33C8}.Release|Any CPU.Build.0 = Release|Any CPU
		{19DACBAD-902B-4A7E-A50F-03ADA484D67F}.Debug|Any CPU.ActiveCfg = Debug|Any CPU
		{19DACBAD-902B-4A7E-A50F-03ADA484D67F}.Debug|Any CPU.Build.0 = Debug|Any CPU
		{19DACBAD-902B-4A7E-A50F-03ADA484D67F}.Release|Any CPU.ActiveCfg = Release|Any CPU
		{19DACBAD-902B-4A7E-A50F-03ADA484D67F}.Release|Any CPU.Build.0 = Release|Any CPU
		{41FDBD40-DAC1-4254-B6DF-7B0AD4F983D1}.Debug|Any CPU.ActiveCfg = Debug|Any CPU
		{41FDBD40-DAC1-4254-B6DF-7B0AD4F983D1}.Debug|Any CPU.Build.0 = Debug|Any CPU
		{41FDBD40-DAC1-4254-B6DF-7B0AD4F983D1}.Release|Any CPU.ActiveCfg = Release|Any CPU
		{41FDBD40-DAC1-4254-B6DF-7B0AD4F983D1}.Release|Any CPU.Build.0 = Release|Any CPU
		{B7264FA1-0C5F-4EFF-99FE-ED27893873B0}.Debug|Any CPU.ActiveCfg = Debug|Any CPU
		{B7264FA1-0C5F-4EFF-99FE-ED27893873B0}.Debug|Any CPU.Build.0 = Debug|Any CPU
		{B7264FA1-0C5F-4EFF-99FE-ED27893873B0}.Release|Any CPU.ActiveCfg = Release|Any CPU
		{B7264FA1-0C5F-4EFF-99FE-ED27893873B0}.Release|Any CPU.Build.0 = Release|Any CPU
	EndGlobalSection
	GlobalSection(SolutionProperties) = preSolution
		HideSolutionNode = FALSE
	EndGlobalSection
	GlobalSection(ExtensibilityGlobals) = postSolution
		SolutionGuid = {28A93E37-EBEC-4E87-BA0D-99FC6D41BEC8}
	EndGlobalSection
EndGlobal
